lock-version = "1"

[[task]]
id = "soep-preparation/sandbox/task_example_final_dataset.py::task_create_final_dataset_catch_all"
state = "59afaedfe55021e3b191ad4cc02b179b74b506411005296a13d0a8cd7c6be001"

[task.depends_on]
"soep-preparation/.pytask/data_catalogs/modules/0369a36fe856043f6475e9da1a38e9b406df859bf6f23ca56b9e14722d7e4c1e.pkl" = "46793018f18514993e763ef725c153f896848cf531f823c7b67ac06cd0f7312d"
"soep-preparation/.pytask/data_catalogs/modules/03b988eecb668f0adbb56cd6fbf534e610eb641fff3f6a69c6c61e490dcc1522.pkl" = "762d4eec1120df621035e7138a28cd3b9046feaa870f42d1f7d89801146ab4a9"
"soep-preparation/.pytask/data_catalogs/modules/1e349b6905e3478c0d95298f4edcc65a0310ceb4aaa0e594a58b2c8c7a8a4368.pkl" = "395f965d24a7185bd4d7ab52e12fdabec6c172d24b6207834212e78921348712"
"soep-preparation/.pytask/data_catalogs/modules/23f7f6dd95e270599c5e058f444a24195418e4740ac58b675a6495cbbf400c6f.pkl" = "16ee3a34e6bb60a3ce8d06bab3d3901bb9a0057bb5f6286954d83ca55b72e962"
"soep-preparation/.pytask/data_catalogs/modules/28d87412c8c33da8fe5f290cf6ee31b9af77dfa7e1ee2df2ac672618e4957ae9.pkl" = "7385bb18c1fb0ce4c8c0bc1048816d5b65440cc953a32a3b0dcc703f5b27eb75"
"soep-preparation/.pytask/data_catalogs/modules/291f5ca317093f680ebed7bbdb1bd9c0dc24cc39b7b04766b09f34572fb7540e.pkl" = "ec231f446bdef6b69add9e876b210abc46fcdb974f54f82ebc3ea586e0d136f6"
"soep-preparation/.pytask/data_catalogs/modules/3485639faf1591f3c16f295198e9389db5b33c949587ec48663597d4e00299d5.pkl" = "ccc94d6c828d9ceb3fb4b8c79d46b106253937856e3d8a16387eff79fb16d6c1"
"soep-preparation/.pytask/data_catalogs/modules/5373684189ca02b119c2802d7bd7a5210473d0a14c377037fc56ce610f1a25f9.pkl" = "b54d932ba3eb8cf4ef1474009319c8bd0455abbdf1363d58de9264d741cd9a3d"
"soep-preparation/.pytask/data_catalogs/modules/5ae570d085ec0666a033a1244e1d9b8211a43b34fad9bf9de2c623774cff8143.pkl" = "6754b7efd00015b635c885a4d26cfb3a7514c96798ae60e09aa39b452e5b0130"
"soep-preparation/.pytask/data_catalogs/modules/5b64e2d0e7853b61c924addf3a2292d1faf8736dceaf792615b5f8756efe6587.pkl" = "bafbfa67859c602b2c96c19a6e365d064ad534285237fa382cccc714480e8b5c"
"soep-preparation/.pytask/data_catalogs/modules/5e271c98a59c0c06fcea9c350807a0215daacfb8f87af6d6af2500421c5050e2.pkl" = "00e52b3870c57099a834b4f59d5d02b4131b2dde028d5a2973f4c530af482ad9"
"soep-preparation/.pytask/data_catalogs/modules/62484e22a6a5ade1ba25cb1b7c55c4b8861de24caddab73c9409742734008b26.pkl" = "636a2ce93c4f8096890c9134d4f3faa6c63bbaed8934e9f45cd93d8961eb1362"
"soep-preparation/.pytask/data_catalogs/modules/748003e5c7d6e3f8bc54cc78faed76ce2daf0f25686b11363abcb1828d55b64a.pkl" = "ec5fbb89c916c12ce82b23463a5bac76914ee50eb845ccc0bdab03c8401fa52b"
"soep-preparation/.pytask/data_catalogs/modules/7d9a2f5e34c171a5b69d4020de161512ec4b5fe84b40843b808aab9770f40a08.pkl" = "1a57a5588b8c05ac9f213d674c8232355d98078b4fbcd03d6e9ea93f7dcb473b"
"soep-preparation/.pytask/data_catalogs/modules/808540b18a91be1feaedaf835a6e2ed2dde410be6def45e26d7f2e027b70a6e6.pkl" = "db521a0bdd52a04c4410338e3c022724a0e7d3d0521f1f64cde89ce36677d698"
"soep-preparation/.pytask/data_catalogs/modules/8706497a32befe96778d208b36e848f5324728daeadc7ef98339edd958675ce8.pkl" = "eb3284f11dee3af97b5529e51a17d20097d177a64299209d61155475242c29a0"
"soep-preparation/.pytask/data_catalogs/modules/8c306d98e815b1cd82d05a3c9a4681ede6cd6975092674b292c96c3208550f9d.pkl" = "763b0dc084d9650905a100dd7c3a7ce734f9d08f9b0b2b6b1d11c1073ccb4c23"
"soep-preparation/.pytask/data_catalogs/modules/9d9c1e4b67e8ae6574fdf4b61541d5596a44ba5565e4fa4df76d1003fbdd1b3e.pkl" = "09177fb201f8c94f9f8b831742e47863cef60fdc4dc03c2479878686bb35dcee"
"soep-preparation/.pytask/data_catalogs/modules/a53a090a2e4605f0386461edead275b49850471bfd935d7a9cad75380bf6960d.pkl" = "60892c93630d6a3484d6ce21c9162ee2e6c50fdd1fb6288a87fe5121b1b3c27c"
"soep-preparation/.pytask/data_catalogs/modules/a77de8a6daa1129516b14c8ca1e233a51a8414b202eac7c8acfbb9b485046ad4.pkl" = "9a1ab39b1d97b91ff6c6096f68802041bfd6bcd4159e5544af0ec455a22e725d"
"soep-preparation/.pytask/data_catalogs/modules/a9bd026aa68c0299936be641eca03b3306e8b29bf1e1f66948b4b2d715c83bbb.pkl" = "706bf8ab0de96aaaa1265210e9f7cb010453b4ac3c5c028210f5241c76fe7613"
"soep-preparation/.pytask/data_catalogs/modules/b24433c721b0d3cb623c163db53f4767832b0f2a2772854516e1dee1f5eeac4d.pkl" = "fc7e8bfd871958d2112c1738212ba3f430ee2c117d089335b2418d84a24c4fd9"
"soep-preparation/.pytask/data_catalogs/modules/bebc3dba0cc093c2710f412d13ae329b13c744e369bc9c863e9f8302da89e3d9.pkl" = "7382c24d73d9998feb2b8dbffda5a172f01e5263c5179f9963c93f96d5df5725"
"soep-preparation/.pytask/data_catalogs/modules/d9f0c76a2982bda28e7e0c8cbc4230c70c9f0d1ed6d67cb960338afebd62caef.pkl" = "a1aac17ed66da9c614d6c4f977042ee9874ca0555c95cec7cd6912659bb5f91b"
"soep-preparation/.pytask/data_catalogs/modules/df0c37e7be73d07cb756536bf969f5e8862bb88a5c70b79d7539f74ab1e790bc.pkl" = "5b968959cd6c4fdc46c6a06b970cfca350bf8aafd54d1591515d66940e440580"
"soep-preparation/.pytask/data_catalogs/modules/f1c716dddf96aaedd2e10f4c2708242fb91405f660a0a536c1752155a593949d.pkl" = "2f4dbc20326cc7b4ba937f576c228086a21e601d0c0e046cc3b3e8bc20622466"
"task_create_final_dataset_catch_all::variables" = "0"

[task.produces]
"soep-preparation/bld/example_final_dataset/from_catch_all_task.pickle" = "8f756789cc61bf40b1b40271c5f8249e9acb41e30c7abb83910314662e60a472"

[[task]]
id = "soep-preparation/sandbox/task_example_final_dataset.py::task_create_final_dataset_explicit"
state = "59afaedfe55021e3b191ad4cc02b179b74b506411005296a13d0a8cd7c6be001"

[task.depends_on]
"soep-preparation/.pytask/data_catalogs/modules/1e349b6905e3478c0d95298f4edcc65a0310ceb4aaa0e594a58b2c8c7a8a4368.pkl" = "395f965d24a7185bd4d7ab52e12fdabec6c172d24b6207834212e78921348712"
"soep-preparation/.pytask/data_catalogs/modules/808540b18a91be1feaedaf835a6e2ed2dde410be6def45e26d7f2e027b70a6e6.pkl" = "db521a0bdd52a04c4410338e3c022724a0e7d3d0521f1f64cde89ce36677d698"
"soep-preparation/.pytask/data_catalogs/modules/8c306d98e815b1cd82d05a3c9a4681ede6cd6975092674b292c96c3208550f9d.pkl" = "763b0dc084d9650905a100dd7c3a7ce734f9d08f9b0b2b6b1d11c1073ccb4c23"
"soep-preparation/.pytask/data_catalogs/modules/a53a090a2e4605f0386461edead275b49850471bfd935d7a9cad75380bf6960d.pkl" = "60892c93630d6a3484d6ce21c9162ee2e6c50fdd1fb6288a87fe5121b1b3c27c"
"soep-preparation/.pytask/data_catalogs/modules/a77de8a6daa1129516b14c8ca1e233a51a8414b202eac7c8acfbb9b485046ad4.pkl" = "9a1ab39b1d97b91ff6c6096f68802041bfd6bcd4159e5544af0ec455a22e725d"
"soep-preparation/.pytask/data_catalogs/modules/b24433c721b0d3cb623c163db53f4767832b0f2a2772854516e1dee1f5eeac4d.pkl" = "fc7e8bfd871958d2112c1738212ba3f430ee2c117d089335b2418d84a24c4fd9"
"soep-preparation/.pytask/data_catalogs/modules/df0c37e7be73d07cb756536bf969f5e8862bb88a5c70b79d7539f74ab1e790bc.pkl" = "5b968959cd6c4fdc46c6a06b970cfca350bf8aafd54d1591515d66940e440580"
"soep-preparation/.pytask/data_catalogs/modules/f1c716dddf96aaedd2e10f4c2708242fb91405f660a0a536c1752155a593949d.pkl" = "2f4dbc20326cc7b4ba937f576c228086a21e601d0c0e046cc3b3e8bc20622466"
"task_create_final_dataset_catch_all::variables" = "0"

[task.produces]
"soep-preparation/bld/example_final_dataset/from_explicit_task.pickle" = "607a6eb88d69fd6535da4f3ee341be17e8829606eeb7e510f20edb8bc93b07dd"
